// !$*UTF8*$!
{
	archiveVersion = 1;
	classes = {
	};
	objectVersion = 46;
	objects = {

/* Begin PBXBuildFile section */
		BF9DF2A72103AF510040991D /* AppDelegate.swift in Sources */ = {isa = PBXBuildFile; fileRef = BF9DF2A62103AF510040991D /* AppDelegate.swift */; };
		BF9DF2A92103AF510040991D /* ViewController.swift in Sources */ = {isa = PBXBuildFile; fileRef = BF9DF2A82103AF510040991D /* ViewController.swift */; };
		BF9DF2AC2103AF510040991D /* Main.storyboard in Resources */ = {isa = PBXBuildFile; fileRef = BF9DF2AA2103AF510040991D /* Main.storyboard */; };
		BF9DF2AE2103AF510040991D /* Assets.xcassets in Resources */ = {isa = PBXBuildFile; fileRef = BF9DF2AD2103AF510040991D /* Assets.xcassets */; };
		BF9DF2B12103AF510040991D /* LaunchScreen.storyboard in Resources */ = {isa = PBXBuildFile; fileRef = BF9DF2AF2103AF510040991D /* LaunchScreen.storyboard */; };
/* End PBXBuildFile section */

/* Begin PBXFileReference section */
		BF9DF2A32103AF510040991D /* Kodas Clash.app */ = {isa = PBXFileReference; explicitFileType = wrapper.application; includeInIndex = 0; path = "Kodas Clash.app"; sourceTree = BUILT_PRODUCTS_DIR; };
		BF9DF2A62103AF510040991D /* AppDelegate.swift */ = {isa = PBXFileReference; lastKnownFileType = sourcecode.swift; path = AppDelegate.swift; sourceTree = "<group>"; };
		BF9DF2A82103AF510040991D /* ViewController.swift */ = {isa = PBXFileReference; lastKnownFileType = sourcecode.swift; path = ViewController.swift; sourceTree = "<group>"; };
		BF9DF2AB2103AF510040991D /* Base */ = {isa = PBXFileReference; lastKnownFileType = file.storyboard; name = Base; path = Base.lproj/Main.storyboard; sourceTree = "<group>"; };
		BF9DF2AD2103AF510040991D /* Assets.xcassets */ = {isa = PBXFileReference; lastKnownFileType = folder.assetcatalog; path = Assets.xcassets; sourceTree = "<group>"; };
		BF9DF2B02103AF510040991D /* Base */ = {isa = PBXFileReference; lastKnownFileType = file.storyboard; name = Base; path = Base.lproj/LaunchScreen.storyboard; sourceTree = "<group>"; };
		BF9DF2B22103AF510040991D /* Info.plist */ = {isa = PBXFileReference; lastKnownFileType = text.plist.xml; path = Info.plist; sourceTree = "<group>"; };
/* End PBXFileReference section */

/* Begin PBXFrameworksBuildPhase section */
		BF9DF2A02103AF510040991D /* Frameworks */ = {
			isa = PBXFrameworksBuildPhase;
			buildActionMask = 2147483647;
			files = (
			);
			runOnlyForDeploymentPostprocessing = 0;
		};
/* End PBXFrameworksBuildPhase section */

/* Begin PBXGroup section */
		BF9DF29A2103AF510040991D = {
			isa = PBXGroup;
			children = (
				BF9DF2A52103AF510040991D /* Kodas Clash */,
				BF9DF2A42103AF510040991D /* Products */,
			);
			sourceTree = "<group>";
		};
		BF9DF2A42103AF510040991D /* Products */ = {
			isa = PBXGroup;
			children = (
				BF9DF2A32103AF510040991D /* Kodas Clash.app */,
			);
			name = Products;
			sourceTree = "<group>";
		};
		BF9DF2A52103AF510040991D /* Kodas Clash */ = {
			isa = PBXGroup;
			children = (
				BF9DF2A62103AF510040991D /* AppDelegate.swift */,
				BF9DF2A82103AF510040991D /* ViewController.swift */,
				BF9DF2AA2103AF510040991D /* Main.storyboard */,
				BF9DF2AD2103AF510040991D /* Assets.xcassets */,
				BF9DF2AF2103AF510040991D /* LaunchScreen.storyboard */,
				BF9DF2B22103AF510040991D /* Info.plist */,
			);
			path = "Kodas Clash";
			sourceTree = "<group>";
		};
/* End PBXGroup section */

/* Begin PBXNativeTarget section */
		BF9DF2A22103AF510040991D /* Kodas Clash */ = {
			isa = PBXNativeTarget;
			buildConfigurationList = BF9DF2B52103AF510040991D /* Build configuration list for PBXNativeTarget "Kodas Clash" */;
			buildPhases = (
				BF9DF29F2103AF510040991D /* Sources */,
				BF9DF2A02103AF510040991D /* Frameworks */,
				BF9DF2A12103AF510040991D /* Resources */,
			);
			buildRules = (
			);
			dependencies = (
			);
			name = "Kodas Clash";
			productName = "Kodas Clash";
			productReference = BF9DF2A32103AF510040991D /* Kodas Clash.app */;
			productType = "com.apple.product-type.application";
		};
/* End PBXNativeTarget section */

/* Begin PBXProject section */
		BF9DF29B2103AF510040991D /* Project object */ = {
			isa = PBXProject;
			attributes = {
				LastSwiftUpdateCheck = 0820;
				LastUpgradeCheck = 0820;
				ORGANIZATIONNAME = "James Carter";
				TargetAttributes = {
					BF9DF2A22103AF510040991D = {
						CreatedOnToolsVersion = 8.2.1;
						DevelopmentTeam = V5V3TX487D;
						ProvisioningStyle = Automatic;
					};
				};
			};
			buildConfigurationList = BF9DF29E2103AF510040991D /* Build configuration list for PBXProject "Kodas Clash" */;
			compatibilityVersion = "Xcode 3.2";
			developmentRegion = English;
			hasScannedForEncodings = 0;
			knownRegions = (
				en,
				Base,
			);
			mainGroup = BF9DF29A2103AF510040991D;
			productRefGroup = BF9DF2A42103AF510040991D /* Products */;
			projectDirPath = "";
			projectRoot = "";
			targets = (
				BF9DF2A22103AF510040991D /* Kodas Clash */,
			);
		};
/* End PBXProject section */

/* Begin PBXResourcesBuildPhase section */
		BF9DF2A12103AF510040991D /* Resources */ = {
			isa = PBXResourcesBuildPhase;
			buildActionMask = 2147483647;
			files = (
				BF9DF2B12103AF510040991D /* LaunchScreen.storyboard in Resources */,
				BF9DF2AE2103AF510040991D /* Assets.xcassets in Resources */,
				BF9DF2AC2103AF510040991D /* Main.storyboard in Resources */,
			);
			runOnlyForDeploymentPostprocessing = 0;
		};
/* End PBXResourcesBuildPhase section */

/* Begin PBXSourcesBuildPhase section */
		BF9DF29F2103AF510040991D /* Sources */ = {
			isa = PBXSourcesBuildPhase;
			buildActionMask = 2147483647;
			files = (
				BF9DF2A92103AF510040991D /* ViewController.swift in Sources */,
				BF9DF2A72103AF510040991D /* AppDelegate.swift in Sources */,
			);
			runOnlyForDeploymentPostprocessing = 0;
		};
/* End PBXSourcesBuildPhase section */

/* Begin PBXVariantGroup section */
		BF9DF2AA2103AF510040991D /* Main.storyboard */ = {
			isa = PBXVariantGroup;
			children = (
				BF9DF2AB2103AF510040991D /* Base */,
			);
			name = Main.storyboard;
			sourceTree = "<group>";
		};
		BF9DF2AF2103AF510040991D /* LaunchScreen.storyboard */ = {
			isa = PBXVariantGroup;
			children = (
				BF9DF2B02103AF510040991D /* Base */,
			);
			name = LaunchScreen.storyboard;
			sourceTree = "<group>";
		};
/* End PBXVariantGroup section */

/* Begin XCBuildConfiguration section */
		BF9DF2B32103AF510040991D /* Debug */ = {
			isa = XCBuildConfiguration;
			buildSettings = {
				ALWAYS_SEARCH_USER_PATHS = NO;
				CLANG_ANALYZER_NONNULL = YES;
				CLANG_CXX_LANGUAGE_STANDARD = "gnu++0x";
				CLANG_CXX_LIBRARY = "libc++";
				CLANG_ENABLE_MODULES = YES;
				CLANG_ENABLE_OBJC_ARC = YES;
				CLANG_WARN_BOOL_CONVERSION = YES;
				CLANG_WARN_CONSTANT_CONVERSION = YES;
				CLANG_WARN_DIRECT_OBJC_ISA_USAGE = YES_ERROR;
				CLANG_WARN_DOCUMENTATION_COMMENTS = YES;
				CLANG_WARN_EMPTY_BODY = YES;
				CLANG_WARN_ENUM_CONVERSION = YES;
				CLANG_WARN_INFINITE_RECURSION = YES;
				CLANG_WARN_INT_CONVERSION = YES;
				CLANG_WARN_OBJC_ROOT_CLASS = YES_ERROR;
				CLANG_WARN_SUSPICIOUS_MOVE = YES;
				CLANG_WARN_UNREACHABLE_CODE = YES;
				CLANG_WARN__DUPLICATE_METHOD_MATCH = YES;
				"CODE_SIGN_IDENTITY[sdk=iphoneos*]" = "iPhone Developer";
				COPY_PHASE_STRIP = NO;
				DEBUG_INFORMATION_FORMAT = dwarf;
				ENABLE_STRICT_OBJC_MSGSEND = YES;
				ENABLE_TESTABILITY = YES;
				GCC_C_LANGUAGE_STANDARD = gnu99;
				GCC_DYNAMIC_NO_PIC = NO;
				GCC_NO_COMMON_BLOCKS = YES;
				GCC_OPTIMIZATION_LEVEL = 0;
				GCC_PREPROCESSOR_DEFINITIONS = (
					"DEBUG=1",
					"$(inherited)",
				);
				GCC_WARN_64_TO_32_BIT_CONVERSION = YES;
				GCC_WARN_ABOUT_RETURN_TYPE = YES_ERROR;
				GCC_WARN_UNDECLARED_SELECTOR = YES;
				GCC_WARN_UNINITIALIZED_AUTOS = YES_AGGRESSIVE;
				GCC_WARN_UNUSED_FUNCTION = YES;
				GCC_WARN_UNUSED_VARIABLE = YES;
				IPHONEOS_DEPLOYMENT_TARGET = 10.2;
				MTL_ENABLE_DEBUG_INFO = YES;
				ONLY_ACTIVE_ARCH = YES;
				SDKROOT = iphoneos;
				SWIFT_ACTIVE_COMPILATION_CONDITIONS = DEBUG;
				SWIFT_OPTIMIZATION_LEVEL = "-Onone";
			};
			name = Debug;
		};
		BF9DF2B42103AF510040991D /* Release */ = {
			isa = XCBuildConfiguration;
			buildSettings = {
				ALWAYS_SEARCH_USER_PATHS = NO;
				CLANG_ANALYZER_NONNULL = YES;
				CLANG_CXX_LANGUAGE_STANDARD = "gnu++0x";
				CLANG_CXX_LIBRARY = "libc++";
				CLANG_ENABLE_MODULES = YES;
				CLANG_ENABLE_OBJC_ARC = YES;
				CLANG_WARN_BOOL_CONVERSION = YES;
				CLANG_WARN_CONSTANT_CONVERSION = YES;
				CLANG_WARN_DIRECT_OBJC_ISA_USAGE = YES_ERROR;
				CLANG_WARN_DOCUMENTATION_COMMENTS = YES;
				CLANG_WARN_EMPTY_BODY = YES;
				CLANG_WARN_ENUM_CONVERSION = YES;
				CLANG_WARN_INFINITE_RECURSION = YES;
				CLANG_WARN_INT_CONVERSION = YES;
				CLANG_WARN_OBJC_ROOT_CLASS = YES_ERROR;
				CLANG_WARN_SUSPICIOUS_MOVE = YES;
				CLANG_WARN_UNREACHABLE_CODE = YES;
				CLANG_WARN__DUPLICATE_METHOD_MATCH = YES;
				"CODE_SIGN_IDENTITY[sdk=iphoneos*]" = "iPhone Developer";
				COPY_PHASE_STRIP = NO;
				DEBUG_INFORMATION_FORMAT = "dwarf-with-dsym";
				ENABLE_NS_ASSERTIONS = NO;
				ENABLE_STRICT_OBJC_MSGSEND = YES;
				GCC_C_LANGUAGE_STANDARD = gnu99;
				GCC_NO_COMMON_BLOCKS = YES;
				GCC_WARN_64_TO_32_BIT_CONVERSION = YES;
				GCC_WARN_ABOUT_RETURN_TYPE = YES_ERROR;
				GCC_WARN_UNDECLARED_SELECTOR = YES;
				GCC_WARN_UNINITIALIZED_AUTOS = YES_AGGRESSIVE;
				GCC_WARN_UNUSED_FUNCTION = YES;
				GCC_WARN_UNUSED_VARIABLE = YES;
				IPHONEOS_DEPLOYMENT_TARGET = 10.2;
				MTL_ENABLE_DEBUG_INFO = NO;
				SDKROOT = iphoneos;
				SWIFT_OPTIMIZATION_LEVEL = "-Owholemodule";
				VALIDATE_PRODUCT = YES;
			};
			name = Release;
		};
		BF9DF2B62103AF510040991D /* Debug */ = {
			isa = XCBuildConfiguration;
			buildSettings = {
				ASSETCATALOG_COMPILER_APPICON_NAME = AppIcon;
				DEVELOPMENT_TEAM = V5V3TX487D;
				INFOPLIST_FILE = "Kodas Clash/Info.plist";
				LD_RUNPATH_SEARCH_PATHS = "$(inherited) @executable_path/Frameworks";
				PRODUCT_BUNDLE_IDENTIFIER = "com.koda.Kodas-Clash";
				PRODUCT_NAME = "$(TARGET_NAME)";
				SWIFT_VERSION = 3.0;
			};
			name = Debug;
		};
		BF9DF2B72103AF510040991D /* Release */ = {
			isa = XCBuildConfiguration;
			buildSettings = {
				ASSETCATALOG_COMPILER_APPICON_NAME = AppIcon;
				DEVELOPMENT_TEAM = V5V3TX487D;
				INFOPLIST_FILE = "Kodas Clash/Info.plist";
				LD_RUNPATH_SEARCH_PATHS = "$(inherited) @executable_path/Frameworks";
				PRODUCT_BUNDLE_IDENTIFIER = "com.koda.Kodas-Clash";
				PRODUCT_NAME = "$(TARGET_NAME)";
				SWIFT_VERSION = 3.0;
			};
			name = Release;
		};
/* End XCBuildConfiguration section */

/* Begin XCConfigurationList section */
		BF9DF29E2103AF510040991D /* Build configuration list for PBXProject "Kodas Clash" */ = {
			isa = XCConfigurationList;
			buildConfigurations = (
				BF9DF2B32103AF510040991D /* Debug */,
				BF9DF2B42103AF510040991D /* Release */,
			);
			defaultConfigurationIsVisible = 0;
			defaultConfigurationName = Release;
		};
		BF9DF2B52103AF510040991D /* Build configuration list for PBXNativeTarget "Kodas Clash" */ = {
			isa = XCConfigurationList;
			buildConfigurations = (
				BF9DF2B62103AF510040991D /* Debug */,
				BF9DF2B72103AF510040991D /* Release */,
			);
			defaultConfigurationIsVisible = 0;
		};
/* End XCConfigurationList section */
	};
	rootObject = BF9DF29B2103AF510040991D /* Project object */;
}
